<?xml version="1.0" encoding="utf-8"?>
<Project ToolsVersion="4.0" xmlns="http://schemas.microsoft.com/developer/msbuild/2003">
  <ItemGroup>
    <Filter Include="Source Files">
      <UniqueIdentifier>{4FC737F1-C7A5-4376-A066-2A32D752A2FF}</UniqueIdentifier>
      <Extensions>cpp;c;cc;cxx;def;odl;idl;hpj;bat;asm;asmx</Extensions>
    </Filter>
    <Filter Include="Header Files">
      <UniqueIdentifier>{93995380-89BD-4b04-88EB-625FBE52EBFB}</UniqueIdentifier>
      <Extensions>h;hh;hpp;hxx;hm;inl;inc;xsd</Extensions>
    </Filter>
    <Filter Include="Resource Files">
      <UniqueIdentifier>{67DA6AB6-F800-4c08-8B7A-83BB121AAD01}</UniqueIdentifier>
      <Extensions>rc;ico;cur;bmp;dlg;rc2;rct;bin;rgs;gif;jpg;jpeg;jpe;resx;tiff;tif;png;wav;mfcribbon-ms</Extensions>
    </Filter>
    <Filter Include="Header Files\FrameworkExtensions">
      <UniqueIdentifier>{c81070d2-e08e-40a7-b05b-31f9f890f311}</UniqueIdentifier>
    </Filter>
    <Filter Include="Source Files\FrameworkExtensions">
      <UniqueIdentifier>{e092c246-3f48-426a-9e1f-c081f6aecb6d}</UniqueIdentifier>
    </Filter>
    <Filter Include="Header Files\ImGUI">
      <UniqueIdentifier>{392c99f3-242e-4267-8e1c-13dc46ea9b46}</UniqueIdentifier>
    </Filter>
    <Filter Include="Source Files\ImGUI">
      <UniqueIdentifier>{33063b89-f0be-47be-bb23-046569a31244}</UniqueIdentifier>
    </Filter>
    <Filter Include="Header Files\Shaders">
      <UniqueIdentifier>{a5b442e2-13a5-4e77-928a-25e64eeb9d01}</UniqueIdentifier>
    </Filter>
    <Filter Include="Source Files\Shaders">
      <UniqueIdentifier>{ba55ed92-c3d5-45df-b1b0-2d1dd6fdd373}</UniqueIdentifier>
    </Filter>
    <Filter Include="Header Files\Core">
      <UniqueIdentifier>{c6a5bec5-544c-46f0-923a-9e46f3755aee}</UniqueIdentifier>
    </Filter>
    <Filter Include="Source Files\Core">
      <UniqueIdentifier>{3136c462-d2fb-4891-a440-2654be881314}</UniqueIdentifier>
    </Filter>
    <Filter Include="Resource Files\PostProcessing">
      <UniqueIdentifier>{a41e059d-94e3-499d-8bd8-60605a3af414}</UniqueIdentifier>
    </Filter>
    <Filter Include="Resource Files\Tesselation">
      <UniqueIdentifier>{8c088f2b-03f2-43d0-ba3d-c6b098753bf2}</UniqueIdentifier>
    </Filter>
    <Filter Include="Resource Files\Waves">
      <UniqueIdentifier>{fbfa1894-827c-407c-9cf7-003abaa647ee}</UniqueIdentifier>
    </Filter>
    <Filter Include="Resource Files\ShadowMap">
      <UniqueIdentifier>{2835776d-e2af-42d5-ac86-04cc6e9372aa}</UniqueIdentifier>
    </Filter>
    <Filter Include="Header Files\Shaders\PostProcessing">
      <UniqueIdentifier>{e14a6f12-1206-4b1b-9b8d-da19e1ce2cd0}</UniqueIdentifier>
    </Filter>
    <Filter Include="Resource Files\Terrain">
      <UniqueIdentifier>{93fd1d34-aba8-4071-be39-961f07dafa08}</UniqueIdentifier>
    </Filter>
  </ItemGroup>
  <ItemGroup>
    <ClCompile Include="Main.cpp">
      <Filter>Source Files</Filter>
    </ClCompile>
    <ClCompile Include="AttenuationLight.cpp">
      <Filter>Source Files\FrameworkExtensions</Filter>
    </ClCompile>
    <ClCompile Include="Observer.cpp">
      <Filter>Source Files</Filter>
    </ClCompile>
    <ClCompile Include="Subject.cpp">
      <Filter>Source Files</Filter>
    </ClCompile>
    <ClCompile Include="BaseEditorUI.cpp">
      <Filter>Source Files\ImGUI</Filter>
    </ClCompile>
    <ClCompile Include="TransformEditorUI.cpp">
      <Filter>Source Files\ImGUI</Filter>
    </ClCompile>
    <ClCompile Include="ActiveInstanceSelectorUI.cpp">
      <Filter>Source Files</Filter>
    </ClCompile>
    <ClCompile Include="SceneJsonSerializer.cpp">
      <Filter>Source Files</Filter>
    </ClCompile>
    <ClCompile Include="TransformLight.cpp">
      <Filter>Source Files</Filter>
    </ClCompile>
    <ClCompile Include="..\include\simpleson\json.cpp">
      <Filter>Source Files</Filter>
    </ClCompile>
    <ClCompile Include="LightMaterialShader.cpp">
      <Filter>Source Files\Shaders</Filter>
    </ClCompile>
    <ClCompile Include="DisplacementShader.cpp">
      <Filter>Source Files\Shaders</Filter>
    </ClCompile>
    <ClCompile Include="NormalMapShader.cpp">
      <Filter>Source Files\Shaders</Filter>
    </ClCompile>
    <ClCompile Include="TangentMesh.cpp">
      <Filter>Source Files</Filter>
    </ClCompile>
    <ClCompile Include="TextureShader.cpp">
      <Filter>Source Files\Shaders</Filter>
    </ClCompile>
    <ClCompile Include="WaveShader.cpp">
      <Filter>Source Files</Filter>
    </ClCompile>
    <ClCompile Include="TessellationQuad.cpp">
      <Filter>Source Files</Filter>
    </ClCompile>
    <ClCompile Include="TessellationShader.cpp">
      <Filter>Source Files\Shaders</Filter>
    </ClCompile>
    <ClCompile Include="MeshInstance.cpp">
      <Filter>Source Files\Core</Filter>
    </ClCompile>
    <ClCompile Include="Scene.cpp">
      <Filter>Source Files\Core</Filter>
    </ClCompile>
    <ClCompile Include="Transform.cpp">
      <Filter>Source Files\Core</Filter>
    </ClCompile>
    <ClCompile Include="SerializableMesh.cpp">
      <Filter>Source Files</Filter>
    </ClCompile>
    <ClCompile Include="UnderwaterEffectShader.cpp">
      <Filter>Source Files\Shaders</Filter>
    </ClCompile>
    <ClCompile Include="TesselatedGerstnerWaveShader.cpp">
      <Filter>Source Files\Shaders</Filter>
    </ClCompile>
    <ClCompile Include="ShaderParameter.cpp">
      <Filter>Source Files</Filter>
    </ClCompile>
    <ClCompile Include="DefaultShader.cpp">
      <Filter>Source Files\Shaders</Filter>
    </ClCompile>
    <ClCompile Include="LightEditorUI.cpp">
      <Filter>Source Files</Filter>
    </ClCompile>
    <ClCompile Include="RenderItem.cpp">
      <Filter>Source Files</Filter>
    </ClCompile>
    <ClCompile Include="CascadedShadowMaps.cpp">
      <Filter>Source Files</Filter>
    </ClCompile>
    <ClCompile Include="HorizontalBlur.cpp">
      <Filter>Source Files</Filter>
    </ClCompile>
    <ClCompile Include="VerticalBlur.cpp">
      <Filter>Source Files</Filter>
    </ClCompile>
    <ClCompile Include="MagnifyPixelShader.cpp">
      <Filter>Source Files</Filter>
    </ClCompile>
    <ClCompile Include="PostProcessPassChain.cpp">
      <Filter>Source Files</Filter>
    </ClCompile>
    <ClCompile Include="SkyMapShader.cpp">
      <Filter>Source Files</Filter>
    </ClCompile>
    <ClCompile Include="TestingScene.cpp">
      <Filter>Source Files</Filter>
    </ClCompile>
    <ClCompile Include="BuoyancyComputeShader.cpp">
      <Filter>Source Files</Filter>
    </ClCompile>
    <ClCompile Include="Terrain.cpp">
      <Filter>Source Files</Filter>
    </ClCompile>
    <ClCompile Include="TerrainShader.cpp">
      <Filter>Source Files</Filter>
    </ClCompile>
    <ClCompile Include="TerrainTesselationShader.cpp">
      <Filter>Source Files</Filter>
    </ClCompile>
    <ClCompile Include="ProceduralMeshA.cpp">
      <Filter>Source Files</Filter>
    </ClCompile>
    <ClCompile Include="LimitedTimeRenderCollection.cpp">
      <Filter>Source Files</Filter>
    </ClCompile>
    <ClCompile Include="ProceduralDestruction.cpp">
      <Filter>Source Files</Filter>
    </ClCompile>
    <ClCompile Include="insideOutsideShader.cpp">
      <Filter>Source Files</Filter>
    </ClCompile>
    <ClCompile Include="LuminanceThresholdPass.cpp">
      <Filter>Source Files</Filter>
    </ClCompile>
    <ClCompile Include="BloomComposite.cpp">
      <Filter>Source Files</Filter>
    </ClCompile>
    <ClCompile Include="DestructableTerrainPeaks.cpp">
      <Filter>Source Files</Filter>
    </ClCompile>
  </ItemGroup>
  <ItemGroup>
    <ClInclude Include="Scene.h">
      <Filter>Header Files</Filter>
    </ClInclude>
    <ClInclude Include="AttenuationLight.h">
      <Filter>Header Files\FrameworkExtensions</Filter>
    </ClInclude>
    <ClInclude Include="Observer.h">
      <Filter>Header Files</Filter>
    </ClInclude>
    <ClInclude Include="Subject.h">
      <Filter>Header Files</Filter>
    </ClInclude>
    <ClInclude Include="BaseEditorUI.h">
      <Filter>Header Files\ImGUI</Filter>
    </ClInclude>
    <ClInclude Include="TransformEditorUI.h">
      <Filter>Header Files\ImGUI</Filter>
    </ClInclude>
    <ClInclude Include="ActiveInstanceSelectorUI.h">
      <Filter>Header Files\ImGUI</Filter>
    </ClInclude>
    <ClInclude Include="SceneJsonSerializer.h">
      <Filter>Header Files</Filter>
    </ClInclude>
    <ClInclude Include="TransformLight.h">
      <Filter>Header Files</Filter>
    </ClInclude>
    <ClInclude Include="LightMaterialShader.h">
      <Filter>Header Files\Shaders</Filter>
    </ClInclude>
    <ClInclude Include="DisplacementShader.h">
      <Filter>Header Files\Shaders</Filter>
    </ClInclude>
    <ClInclude Include="NormalMapShader.h">
      <Filter>Header Files\Shaders</Filter>
    </ClInclude>
    <ClInclude Include="TangentMesh.h">
      <Filter>Header Files</Filter>
    </ClInclude>
    <ClInclude Include="WaveShader.h">
      <Filter>Header Files\Shaders</Filter>
    </ClInclude>
    <ClInclude Include="TessellationQuad.h">
      <Filter>Header Files</Filter>
    </ClInclude>
    <ClInclude Include="TessellationShader.h">
      <Filter>Header Files\Shaders</Filter>
    </ClInclude>
    <ClInclude Include="Material.h">
      <Filter>Header Files\Core</Filter>
    </ClInclude>
    <ClInclude Include="MeshInstance.h">
      <Filter>Header Files\Core</Filter>
    </ClInclude>
    <ClInclude Include="Transform.h">
      <Filter>Header Files\Core</Filter>
    </ClInclude>
    <ClInclude Include="SerializableMesh.h">
      <Filter>Header Files</Filter>
    </ClInclude>
    <ClInclude Include="DefaultShader.h">
      <Filter>Header Files\Shaders</Filter>
    </ClInclude>
    <ClInclude Include="ShaderHelper.h">
      <Filter>Header Files\Shaders</Filter>
    </ClInclude>
    <ClInclude Include="TesselatedGerstnerWaveShader.h">
      <Filter>Header Files\Shaders</Filter>
    </ClInclude>
    <ClInclude Include="LightEditorUI.h">
      <Filter>Header Files\ImGUI</Filter>
    </ClInclude>
    <ClInclude Include="RenderItem.h">
      <Filter>Header Files\Core</Filter>
    </ClInclude>
    <ClInclude Include="CascadedShadowMaps.h">
      <Filter>Header Files</Filter>
    </ClInclude>
    <ClInclude Include="ShaderParameter.h">
      <Filter>Header Files\Core</Filter>
    </ClInclude>
    <ClInclude Include="TextureShader.h">
      <Filter>Header Files\Shaders\PostProcessing</Filter>
    </ClInclude>
    <ClInclude Include="UnderwaterEffectShader.h">
      <Filter>Header Files\Shaders\PostProcessing</Filter>
    </ClInclude>
    <ClInclude Include="HorizontalBlur.h">
      <Filter>Header Files\Shaders\PostProcessing</Filter>
    </ClInclude>
    <ClInclude Include="VerticalBlur.h">
      <Filter>Header Files\Shaders\PostProcessing</Filter>
    </ClInclude>
    <ClInclude Include="resource.h">
      <Filter>Header Files</Filter>
    </ClInclude>
    <ClInclude Include="MagnifyPixelShader.h">
      <Filter>Header Files\Shaders\PostProcessing</Filter>
    </ClInclude>
    <ClInclude Include="PostProcessPassChain.h">
      <Filter>Header Files\Core</Filter>
    </ClInclude>
    <ClInclude Include="SkyMapShader.h">
      <Filter>Header Files</Filter>
    </ClInclude>
    <ClInclude Include="TestingScene.h">
      <Filter>Header Files</Filter>
    </ClInclude>
    <ClInclude Include="BuoyancyComputeShader.h">
      <Filter>Header Files</Filter>
    </ClInclude>
    <ClInclude Include="Terrain.h">
      <Filter>Header Files</Filter>
    </ClInclude>
    <ClInclude Include="TerrainShader.h">
      <Filter>Header Files</Filter>
    </ClInclude>
    <ClInclude Include="TerrainTesselationShader.h">
      <Filter>Header Files</Filter>
    </ClInclude>
    <ClInclude Include="ProceduralMeshA.h">
      <Filter>Header Files</Filter>
    </ClInclude>
    <ClInclude Include="LimitedTimeRenderCollection.h">
      <Filter>Header Files</Filter>
    </ClInclude>
    <ClInclude Include="ProceduralDestruction.h">
      <Filter>Header Files</Filter>
    </ClInclude>
    <ClInclude Include="insideOutsideShader.h">
      <Filter>Header Files</Filter>
    </ClInclude>
    <ClInclude Include="LuminanceThresholdPass.h">
      <Filter>Header Files</Filter>
    </ClInclude>
    <ClInclude Include="BloomComposite.h">
      <Filter>Header Files</Filter>
    </ClInclude>
    <ClInclude Include="DestructableTerrainPeaks.h">
      <Filter>Header Files</Filter>
    </ClInclude>
  </ItemGroup>
  <ItemGroup>
    <FxCompile Include="NormalMapShader.hlsl">
      <Filter>Resource Files</Filter>
    </FxCompile>
    <FxCompile Include="NormalMapVertexShader.hlsl">
      <Filter>Resource Files</Filter>
    </FxCompile>
    <FxCompile Include="UnderwaterEffectPixelShader.hlsl">
      <Filter>Resource Files\PostProcessing</Filter>
    </FxCompile>
    <FxCompile Include="MinimapTexturePixelShader.hlsl">
      <Filter>Resource Files\PostProcessing</Filter>
    </FxCompile>
    <FxCompile Include="BaseTextureVertexShader.hlsl">
      <Filter>Resource Files\PostProcessing</Filter>
    </FxCompile>
    <FxCompile Include="BaseTexturePixelShader.hlsl">
      <Filter>Resource Files\PostProcessing</Filter>
    </FxCompile>
    <FxCompile Include="TessellationQuadDomainShaderTwo.hlsl">
      <Filter>Resource Files\Tesselation</Filter>
    </FxCompile>
    <FxCompile Include="TessellationQuadHullShader.hlsl">
      <Filter>Resource Files\Tesselation</Filter>
    </FxCompile>
    <FxCompile Include="TessellationVertexShader.hlsl">
      <Filter>Resource Files\Tesselation</Filter>
    </FxCompile>
    <FxCompile Include="GerstenVertexShader.hlsl">
      <Filter>Resource Files\Waves</Filter>
    </FxCompile>
    <FxCompile Include="GerstnerWavesDomainShader.hlsl">
      <Filter>Resource Files\Waves</Filter>
    </FxCompile>
    <FxCompile Include="ShadowPixelShader.hlsl">
      <Filter>Resource Files\ShadowMap</Filter>
    </FxCompile>
    <FxCompile Include="ShadowVertexShader.hlsl">
      <Filter>Resource Files\ShadowMap</Filter>
    </FxCompile>
    <FxCompile Include="HorizontalBlurPixelShader.hlsl">
      <Filter>Resource Files\PostProcessing</Filter>
    </FxCompile>
    <FxCompile Include="VerticalBlurPixelShader.hlsl">
      <Filter>Resource Files\PostProcessing</Filter>
    </FxCompile>
    <FxCompile Include="MagnifyPixelShader.hlsl">
      <Filter>Resource Files\PostProcessing</Filter>
    </FxCompile>
    <FxCompile Include="SkyMapVertexShader.hlsl">
      <Filter>Resource Files</Filter>
    </FxCompile>
    <FxCompile Include="SkyMapPixelShader.hlsl">
      <Filter>Resource Files</Filter>
    </FxCompile>
    <FxCompile Include="BuoyancyComputeShader.hlsl">
      <Filter>Resource Files</Filter>
    </FxCompile>
    <FxCompile Include="LightPixelShader.hlsl">
      <Filter>Resource Files</Filter>
    </FxCompile>
    <FxCompile Include="LightVertexShader.hlsl">
      <Filter>Resource Files</Filter>
    </FxCompile>
    <FxCompile Include="TerrainPixelShader.hlsl">
      <Filter>Resource Files</Filter>
    </FxCompile>
    <FxCompile Include="TerrainVertexShader.hlsl">
      <Filter>Resource Files</Filter>
    </FxCompile>
    <FxCompile Include="QuadFBMHullShader.hlsl">
      <Filter>Resource Files\Terrain</Filter>
    </FxCompile>
    <FxCompile Include="QuadFBMDomainShader.hlsl">
      <Filter>Resource Files\Terrain</Filter>
    </FxCompile>
    <FxCompile Include="InsideOutsideShader.hlsl">
      <Filter>Resource Files\Terrain</Filter>
    </FxCompile>
    <FxCompile Include="ThresholdPass.hlsl">
      <Filter>Resource Files</Filter>
    </FxCompile>
    <FxCompile Include="BloomComposite.hlsl">
      <Filter>Resource Files</Filter>
    </FxCompile>
    <FxCompile Include="InsideOutsideVertexShader.hlsl">
      <Filter>Resource Files</Filter>
    </FxCompile>
  </ItemGroup>
  <ItemGroup>
    <None Include="Light.hlsli">
      <Filter>Resource Files</Filter>
    </None>
    <None Include="ScreenSpaceReflections.hlsli">
      <Filter>Resource Files</Filter>
    </None>
    <None Include="ShadowMaps.hlsli">
      <Filter>Resource Files</Filter>
    </None>
  </ItemGroup>
  <ItemGroup>
    <ResourceCompile Include="Coursework.rc">
      <Filter>Resource Files</Filter>
    </ResourceCompile>
  </ItemGroup>
  <ItemGroup>
    <Resource Include="FastNoiseLite.hlsli">
      <Filter>Resource Files</Filter>
    </Resource>
  </ItemGroup>
</Project>